
Microsoft Visual Studio Solution File, Format Version 12.00
# Visual Studio Version 17
VisualStudioVersion = 17.0.32112.339
MinimumVisualStudioVersion = 10.0.40219.1
Project("{FAE04EC0-301F-11D3-BF4B-00C04F79EFBC}") = "MVC", "MVC\MVC.csproj", "{1B516BF7-83FC-4618-9780-396D686994C3}"
EndProject
Global
	GlobalSection(SolutionConfigurationPlatforms) = preSolution
		Debug|Any CPU = Debug|Any CPU
		Release|Any CPU = Release|Any CPU
	EndGlobalSection
	GlobalSection(ProjectConfigurationPlatforms) = postSolution
		{1B516BF7-83FC-4618-9780-396D686994C3}.Debug|Any CPU.ActiveCfg = Debug|Any CPU
		{1B516BF7-83FC-4618-9780-396D686994C3}.Debug|Any CPU.Build.0 = Debug|Any CPU
		{1B516BF7-83FC-4618-9780-396D686994C3}.Release|Any CPU.ActiveCfg = Release|Any CPU
		{1B516BF7-83FC-4618-9780-396D686994C3}.Release|Any CPU.Build.0 = Release|Any CPU
	EndGlobalSection
	GlobalSection(SolutionProperties) = preSolution
		HideSolutionNode = FALSE
	EndGlobalSection
	GlobalSection(ExtensibilityGlobals) = postSolution
		SolutionGuid = {942DE420-6828-4197-82AD-D3C1ED95EEA9}
	EndGlobalSection
EndGlobal
